
Microsoft Visual Studio Solution File, Format Version 12.00
# Visual Studio Version 17
VisualStudioVersion = 17.14.36327.8 d17.14
MinimumVisualStudioVersion = 10.0.40219.1
Project("{FAE04EC0-301F-11D3-BF4B-00C04F79EFBC}") = "MejoraFixturesNortesV2", "MejoraFixturesNortesV2\MejoraFixturesNortesV2.csproj", "{BD70A6F5-1340-45DD-91BA-DD09F244A73F}"
EndProject
Global
	GlobalSection(SolutionConfigurationPlatforms) = preSolution
		Debug|Any CPU = Debug|Any CPU
		Release|Any CPU = Release|Any CPU
	EndGlobalSection
	GlobalSection(ProjectConfigurationPlatforms) = postSolution
		{BD70A6F5-1340-45DD-91BA-DD09F244A73F}.Debug|Any CPU.ActiveCfg = Debug|Any CPU
		{BD70A6F5-1340-45DD-91BA-DD09F244A73F}.Debug|Any CPU.Build.0 = Debug|Any CPU
		{BD70A6F5-1340-45DD-91BA-DD09F244A73F}.Release|Any CPU.ActiveCfg = Release|Any CPU
		{BD70A6F5-1340-45DD-91BA-DD09F244A73F}.Release|Any CPU.Build.0 = Release|Any CPU
	EndGlobalSection
	GlobalSection(SolutionProperties) = preSolution
		HideSolutionNode = FALSE
	EndGlobalSection
	GlobalSection(ExtensibilityGlobals) = postSolution
		SolutionGuid = {63AAE011-C4C4-49C9-8FC9-86EC6CA26DCC}
	EndGlobalSection
EndGlobal
